// !$*UTF8*$!
{
	archiveVersion = 1;
	classes = {
	};
	objectVersion = 55;
	objects = {

/* Begin PBXBuildFile section */
		0904DDA328FFACC2003CC2A6 /* NativeViewRepresentable.swift in Sources */ = {isa = PBXBuildFile; fileRef = 0904DDA228FFACC2003CC2A6 /* NativeViewRepresentable.swift */; };
		0904DDA528FFAD83003CC2A6 /* NativeViewController.swift in Sources */ = {isa = PBXBuildFile; fileRef = 0904DDA428FFAD83003CC2A6 /* NativeViewController.swift */; };
		0904DDA728FFBC8F003CC2A6 /* TableViewCell.swift in Sources */ = {isa = PBXBuildFile; fileRef = 0904DDA628FFBC8F003CC2A6 /* TableViewCell.swift */; };
		091CF4DE27E85BA700B1CAC9 /* Constants.swift in Sources */ = {isa = PBXBuildFile; fileRef = 091CF4DD27E85BA700B1CAC9 /* Constants.swift */; };
		091CF4E027E85C0000B1CAC9 /* ShortCode.swift in Sources */ = {isa = PBXBuildFile; fileRef = 091CF4DF27E85C0000B1CAC9 /* ShortCode.swift */; };
		091CF4E227E85F1E00B1CAC9 /* OurErrors.swift in Sources */ = {isa = PBXBuildFile; fileRef = 091CF4E127E85F1E00B1CAC9 /* OurErrors.swift */; };
		09431D8528B4CF72001A4CF3 /* DocumentShareView.swift in Sources */ = {isa = PBXBuildFile; fileRef = 09431D8428B4CF72001A4CF3 /* DocumentShareView.swift */; };
		095F19B427CF5B1600A597BB /* AssistWebView.swift in Sources */ = {isa = PBXBuildFile; fileRef = 095F19B327CF5B1600A597BB /* AssistWebView.swift */; };
		095F19B727CF5B5C00A597BB /* AssistWebViewResprestable.swift in Sources */ = {isa = PBXBuildFile; fileRef = 095F19B627CF5B5C00A597BB /* AssistWebViewResprestable.swift */; };
		095F19B927CF60C200A597BB /* NativeView.swift in Sources */ = {isa = PBXBuildFile; fileRef = 095F19B827CF60C100A597BB /* NativeView.swift */; };
		095F19BB27CF65D700A597BB /* SupportSessionManager.swift in Sources */ = {isa = PBXBuildFile; fileRef = 095F19BA27CF65D700A597BB /* SupportSessionManager.swift */; };
		097259F6291B45A3007E5C53 /* View+Extensions.swift in Sources */ = {isa = PBXBuildFile; fileRef = 097259F5291B45A3007E5C53 /* View+Extensions.swift */; };
		097259F8291B463C007E5C53 /* AppSettingsView.swift in Sources */ = {isa = PBXBuildFile; fileRef = 097259F7291B463C007E5C53 /* AppSettingsView.swift */; };
		097259FA291B48F8007E5C53 /* AppSettings.swift in Sources */ = {isa = PBXBuildFile; fileRef = 097259F9291B48F8007E5C53 /* AppSettings.swift */; };
		09BCFFC42A96207C004E028B /* LASDKiOS in Frameworks */ = {isa = PBXBuildFile; productRef = 09BCFFC32A96207C004E028B /* LASDKiOS */; };
		09BDD9052901BB930024D159 /* ScrollViewController.swift in Sources */ = {isa = PBXBuildFile; fileRef = 09BDD9042901BB930024D159 /* ScrollViewController.swift */; };
		09BDD9072901BC450024D159 /* TableViewController.swift in Sources */ = {isa = PBXBuildFile; fileRef = 09BDD9062901BC450024D159 /* TableViewController.swift */; };
		09BDD90B2901C0410024D159 /* ControlsViewController.swift in Sources */ = {isa = PBXBuildFile; fileRef = 09BDD90A2901C0410024D159 /* ControlsViewController.swift */; };
		09D04A1B27E96D200092C783 /* ConnectionView.swift in Sources */ = {isa = PBXBuildFile; fileRef = 09D04A1A27E96D200092C783 /* ConnectionView.swift */; };
		09D04A1D27E96FEE0092C783 /* ConnectionViewManager.swift in Sources */ = {isa = PBXBuildFile; fileRef = 09D04A1C27E96FEE0092C783 /* ConnectionViewManager.swift */; };
		09DEC0EA27CF404600779A21 /* CBAAssistApp.swift in Sources */ = {isa = PBXBuildFile; fileRef = 09DEC0E927CF404600779A21 /* CBAAssistApp.swift */; };
		09DEC0EC27CF404600779A21 /* ContentView.swift in Sources */ = {isa = PBXBuildFile; fileRef = 09DEC0EB27CF404600779A21 /* ContentView.swift */; };
		09DEC0EE27CF404600779A21 /* Assets.xcassets in Resources */ = {isa = PBXBuildFile; fileRef = 09DEC0ED27CF404600779A21 /* Assets.xcassets */; };
		09DEC0F127CF404600779A21 /* Preview Assets.xcassets in Resources */ = {isa = PBXBuildFile; fileRef = 09DEC0F027CF404600779A21 /* Preview Assets.xcassets */; };
		09DEC0F827CF417A00779A21 /* AsyncView.swift in Sources */ = {isa = PBXBuildFile; fileRef = 09DEC0F727CF417A00779A21 /* AsyncView.swift */; };
		09FB771F2902DF53000C9C43 /* DocPopover.swift in Sources */ = {isa = PBXBuildFile; fileRef = 09FB771E2902DF53000C9C43 /* DocPopover.swift */; };
/* End PBXBuildFile section */

/* Begin PBXFileReference section */
		0904DDA228FFACC2003CC2A6 /* NativeViewRepresentable.swift */ = {isa = PBXFileReference; lastKnownFileType = sourcecode.swift; path = NativeViewRepresentable.swift; sourceTree = "<group>"; };
		0904DDA428FFAD83003CC2A6 /* NativeViewController.swift */ = {isa = PBXFileReference; lastKnownFileType = sourcecode.swift; path = NativeViewController.swift; sourceTree = "<group>"; };
		0904DDA628FFBC8F003CC2A6 /* TableViewCell.swift */ = {isa = PBXFileReference; lastKnownFileType = sourcecode.swift; path = TableViewCell.swift; sourceTree = "<group>"; };
		091CF4DD27E85BA700B1CAC9 /* Constants.swift */ = {isa = PBXFileReference; lastKnownFileType = sourcecode.swift; path = Constants.swift; sourceTree = "<group>"; };
		091CF4DF27E85C0000B1CAC9 /* ShortCode.swift */ = {isa = PBXFileReference; lastKnownFileType = sourcecode.swift; path = ShortCode.swift; sourceTree = "<group>"; };
		091CF4E127E85F1E00B1CAC9 /* OurErrors.swift */ = {isa = PBXFileReference; lastKnownFileType = sourcecode.swift; path = OurErrors.swift; sourceTree = "<group>"; };
		0942C3A128758440007EC993 /* Info.plist */ = {isa = PBXFileReference; lastKnownFileType = text.plist; path = Info.plist; sourceTree = "<group>"; };
		09431D8428B4CF72001A4CF3 /* DocumentShareView.swift */ = {isa = PBXFileReference; lastKnownFileType = sourcecode.swift; path = DocumentShareView.swift; sourceTree = "<group>"; };
		095F19B327CF5B1600A597BB /* AssistWebView.swift */ = {isa = PBXFileReference; lastKnownFileType = sourcecode.swift; path = AssistWebView.swift; sourceTree = "<group>"; };
		095F19B627CF5B5C00A597BB /* AssistWebViewResprestable.swift */ = {isa = PBXFileReference; lastKnownFileType = sourcecode.swift; path = AssistWebViewResprestable.swift; sourceTree = "<group>"; };
		095F19B827CF60C100A597BB /* NativeView.swift */ = {isa = PBXFileReference; lastKnownFileType = sourcecode.swift; path = NativeView.swift; sourceTree = "<group>"; };
		095F19BA27CF65D700A597BB /* SupportSessionManager.swift */ = {isa = PBXFileReference; lastKnownFileType = sourcecode.swift; path = SupportSessionManager.swift; sourceTree = "<group>"; };
		097259F5291B45A3007E5C53 /* View+Extensions.swift */ = {isa = PBXFileReference; lastKnownFileType = sourcecode.swift; path = "View+Extensions.swift"; sourceTree = "<group>"; };
		097259F7291B463C007E5C53 /* AppSettingsView.swift */ = {isa = PBXFileReference; lastKnownFileType = sourcecode.swift; path = AppSettingsView.swift; sourceTree = "<group>"; };
		097259F9291B48F8007E5C53 /* AppSettings.swift */ = {isa = PBXFileReference; lastKnownFileType = sourcecode.swift; path = AppSettings.swift; sourceTree = "<group>"; };
		09855D0A28D43FF100129705 /* CBAAssist.entitlements */ = {isa = PBXFileReference; lastKnownFileType = text.plist.entitlements; path = CBAAssist.entitlements; sourceTree = "<group>"; };
		09BDD9042901BB930024D159 /* ScrollViewController.swift */ = {isa = PBXFileReference; lastKnownFileType = sourcecode.swift; path = ScrollViewController.swift; sourceTree = "<group>"; };
		09BDD9062901BC450024D159 /* TableViewController.swift */ = {isa = PBXFileReference; lastKnownFileType = sourcecode.swift; path = TableViewController.swift; sourceTree = "<group>"; };
		09BDD90A2901C0410024D159 /* ControlsViewController.swift */ = {isa = PBXFileReference; lastKnownFileType = sourcecode.swift; path = ControlsViewController.swift; sourceTree = "<group>"; };
		09D04A1A27E96D200092C783 /* ConnectionView.swift */ = {isa = PBXFileReference; lastKnownFileType = sourcecode.swift; path = ConnectionView.swift; sourceTree = "<group>"; };
		09D04A1C27E96FEE0092C783 /* ConnectionViewManager.swift */ = {isa = PBXFileReference; lastKnownFileType = sourcecode.swift; path = ConnectionViewManager.swift; sourceTree = "<group>"; };
		09DEC0E627CF404600779A21 /* CBAAssist.app */ = {isa = PBXFileReference; explicitFileType = wrapper.application; includeInIndex = 0; path = CBAAssist.app; sourceTree = BUILT_PRODUCTS_DIR; };
		09DEC0E927CF404600779A21 /* CBAAssistApp.swift */ = {isa = PBXFileReference; lastKnownFileType = sourcecode.swift; path = CBAAssistApp.swift; sourceTree = "<group>"; };
		09DEC0EB27CF404600779A21 /* ContentView.swift */ = {isa = PBXFileReference; lastKnownFileType = sourcecode.swift; path = ContentView.swift; sourceTree = "<group>"; };
		09DEC0ED27CF404600779A21 /* Assets.xcassets */ = {isa = PBXFileReference; lastKnownFileType = folder.assetcatalog; path = Assets.xcassets; sourceTree = "<group>"; };
		09DEC0F027CF404600779A21 /* Preview Assets.xcassets */ = {isa = PBXFileReference; lastKnownFileType = folder.assetcatalog; path = "Preview Assets.xcassets"; sourceTree = "<group>"; };
		09DEC0F727CF417A00779A21 /* AsyncView.swift */ = {isa = PBXFileReference; lastKnownFileType = sourcecode.swift; path = AsyncView.swift; sourceTree = "<group>"; };
		09FB771E2902DF53000C9C43 /* DocPopover.swift */ = {isa = PBXFileReference; lastKnownFileType = sourcecode.swift; path = DocPopover.swift; sourceTree = "<group>"; };
/* End PBXFileReference section */

/* Begin PBXFrameworksBuildPhase section */
		09DEC0E327CF404600779A21 /* Frameworks */ = {
			isa = PBXFrameworksBuildPhase;
			buildActionMask = 2147483647;
			files = (
				09BCFFC42A96207C004E028B /* LASDKiOS in Frameworks */,
			);
			runOnlyForDeploymentPostprocessing = 0;
		};
/* End PBXFrameworksBuildPhase section */

/* Begin PBXGroup section */
		091CF4DC27E85B9E00B1CAC9 /* Utilities */ = {
			isa = PBXGroup;
			children = (
				091CF4DD27E85BA700B1CAC9 /* Constants.swift */,
				091CF4DF27E85C0000B1CAC9 /* ShortCode.swift */,
				091CF4E127E85F1E00B1CAC9 /* OurErrors.swift */,
			);
			path = Utilities;
			sourceTree = "<group>";
		};
		095F19AD27CF5ABF00A597BB /* Model */ = {
			isa = PBXGroup;
			children = (
			);
			path = Model;
			sourceTree = "<group>";
		};
		095F19AE27CF5AC300A597BB /* View */ = {
			isa = PBXGroup;
			children = (
				09DEC0EB27CF404600779A21 /* ContentView.swift */,
				095F19B327CF5B1600A597BB /* AssistWebView.swift */,
				095F19B827CF60C100A597BB /* NativeView.swift */,
				09D04A1A27E96D200092C783 /* ConnectionView.swift */,
				09431D8428B4CF72001A4CF3 /* DocumentShareView.swift */,
				09FB771E2902DF53000C9C43 /* DocPopover.swift */,
				097259F7291B463C007E5C53 /* AppSettingsView.swift */,
			);
			path = View;
			sourceTree = "<group>";
		};
		095F19AF27CF5AC800A597BB /* View Model */ = {
			isa = PBXGroup;
			children = (
				095F19BA27CF65D700A597BB /* SupportSessionManager.swift */,
				09D04A1C27E96FEE0092C783 /* ConnectionViewManager.swift */,
				097259F9291B48F8007E5C53 /* AppSettings.swift */,
			);
			path = "View Model";
			sourceTree = "<group>";
		};
		095F19B027CF5AD300A597BB /* Shared */ = {
			isa = PBXGroup;
			children = (
				097259F4291B458E007E5C53 /* Extensions */,
				091CF4DC27E85B9E00B1CAC9 /* Utilities */,
				095F19B227CF5B0000A597BB /* View */,
				095F19AD27CF5ABF00A597BB /* Model */,
				095F19AF27CF5AC800A597BB /* View Model */,
			);
			path = Shared;
			sourceTree = "<group>";
		};
		095F19B127CF5ADC00A597BB /* iOS */ = {
			isa = PBXGroup;
			children = (
				095F19B527CF5B2800A597BB /* UIKit */,
				095F19AE27CF5AC300A597BB /* View */,
			);
			path = iOS;
			sourceTree = "<group>";
		};
		095F19B227CF5B0000A597BB /* View */ = {
			isa = PBXGroup;
			children = (
				09DEC0F727CF417A00779A21 /* AsyncView.swift */,
			);
			path = View;
			sourceTree = "<group>";
		};
		095F19B527CF5B2800A597BB /* UIKit */ = {
			isa = PBXGroup;
			children = (
				095F19B627CF5B5C00A597BB /* AssistWebViewResprestable.swift */,
				0904DDA228FFACC2003CC2A6 /* NativeViewRepresentable.swift */,
				0904DDA428FFAD83003CC2A6 /* NativeViewController.swift */,
				0904DDA628FFBC8F003CC2A6 /* TableViewCell.swift */,
				09BDD9042901BB930024D159 /* ScrollViewController.swift */,
				09BDD9062901BC450024D159 /* TableViewController.swift */,
				09BDD90A2901C0410024D159 /* ControlsViewController.swift */,
			);
			path = UIKit;
			sourceTree = "<group>";
		};
		097259F4291B458E007E5C53 /* Extensions */ = {
			isa = PBXGroup;
			children = (
				097259F5291B45A3007E5C53 /* View+Extensions.swift */,
			);
			path = Extensions;
			sourceTree = "<group>";
		};
		098CC400288059FE007D2516 /* Packages */ = {
			isa = PBXGroup;
			children = (
			);
			name = Packages;
			sourceTree = "<group>";
		};
		09DEC0DD27CF404600779A21 = {
			isa = PBXGroup;
			children = (
				098CC400288059FE007D2516 /* Packages */,
				09DEC0E827CF404600779A21 /* CBAAssist */,
				09DEC0E727CF404600779A21 /* Products */,
				61F15DFF6C25802DA476EDA6 /* Pods */,
			);
			sourceTree = "<group>";
		};
		09DEC0E727CF404600779A21 /* Products */ = {
			isa = PBXGroup;
			children = (
				09DEC0E627CF404600779A21 /* CBAAssist.app */,
			);
			name = Products;
			sourceTree = "<group>";
		};
		09DEC0E827CF404600779A21 /* CBAAssist */ = {
			isa = PBXGroup;
			children = (
				09855D0A28D43FF100129705 /* CBAAssist.entitlements */,
				0942C3A128758440007EC993 /* Info.plist */,
				095F19B127CF5ADC00A597BB /* iOS */,
				095F19B027CF5AD300A597BB /* Shared */,
				09DEC0E927CF404600779A21 /* CBAAssistApp.swift */,
				09DEC0ED27CF404600779A21 /* Assets.xcassets */,
				09DEC0EF27CF404600779A21 /* Preview Content */,
			);
			path = CBAAssist;
			sourceTree = "<group>";
		};
		09DEC0EF27CF404600779A21 /* Preview Content */ = {
			isa = PBXGroup;
			children = (
				09DEC0F027CF404600779A21 /* Preview Assets.xcassets */,
			);
			path = "Preview Content";
			sourceTree = "<group>";
		};
		61F15DFF6C25802DA476EDA6 /* Pods */ = {
			isa = PBXGroup;
			children = (
			);
			path = Pods;
			sourceTree = "<group>";
		};
/* End PBXGroup section */

/* Begin PBXNativeTarget section */
		09DEC0E527CF404600779A21 /* CBAAssist */ = {
			isa = PBXNativeTarget;
			buildConfigurationList = 09DEC0F427CF404600779A21 /* Build configuration list for PBXNativeTarget "CBAAssist" */;
			buildPhases = (
				09DEC0E227CF404600779A21 /* Sources */,
				09DEC0E327CF404600779A21 /* Frameworks */,
				09DEC0E427CF404600779A21 /* Resources */,
			);
			buildRules = (
			);
			dependencies = (
			);
			name = CBAAssist;
			packageProductDependencies = (
				09BCFFC32A96207C004E028B /* LASDKiOS */,
			);
			productName = CBAAssist;
			productReference = 09DEC0E627CF404600779A21 /* CBAAssist.app */;
			productType = "com.apple.product-type.application";
		};
/* End PBXNativeTarget section */

/* Begin PBXProject section */
		09DEC0DE27CF404600779A21 /* Project object */ = {
			isa = PBXProject;
			attributes = {
				BuildIndependentTargetsInParallel = 1;
				LastSwiftUpdateCheck = 1320;
				LastUpgradeCheck = 1320;
				TargetAttributes = {
					09DEC0E527CF404600779A21 = {
						CreatedOnToolsVersion = 13.2;
					};
				};
			};
			buildConfigurationList = 09DEC0E127CF404600779A21 /* Build configuration list for PBXProject "CBAAssist" */;
			compatibilityVersion = "Xcode 13.0";
			developmentRegion = en;
			hasScannedForEncodings = 0;
			knownRegions = (
				en,
				Base,
			);
			mainGroup = 09DEC0DD27CF404600779A21;
			packageReferences = (
				09BCFFC22A96207C004E028B /* XCRemoteSwiftPackageReference "swift-lasdk-ios" */,
			);
			productRefGroup = 09DEC0E727CF404600779A21 /* Products */;
			projectDirPath = "";
			projectRoot = "";
			targets = (
				09DEC0E527CF404600779A21 /* CBAAssist */,
			);
		};
/* End PBXProject section */

/* Begin PBXResourcesBuildPhase section */
		09DEC0E427CF404600779A21 /* Resources */ = {
			isa = PBXResourcesBuildPhase;
			buildActionMask = 2147483647;
			files = (
				09DEC0F127CF404600779A21 /* Preview Assets.xcassets in Resources */,
				09DEC0EE27CF404600779A21 /* Assets.xcassets in Resources */,
			);
			runOnlyForDeploymentPostprocessing = 0;
		};
/* End PBXResourcesBuildPhase section */

/* Begin PBXSourcesBuildPhase section */
		09DEC0E227CF404600779A21 /* Sources */ = {
			isa = PBXSourcesBuildPhase;
			buildActionMask = 2147483647;
			files = (
				09FB771F2902DF53000C9C43 /* DocPopover.swift in Sources */,
				0904DDA528FFAD83003CC2A6 /* NativeViewController.swift in Sources */,
				0904DDA728FFBC8F003CC2A6 /* TableViewCell.swift in Sources */,
				09431D8528B4CF72001A4CF3 /* DocumentShareView.swift in Sources */,
				09D04A1D27E96FEE0092C783 /* ConnectionViewManager.swift in Sources */,
				0904DDA328FFACC2003CC2A6 /* NativeViewRepresentable.swift in Sources */,
				097259FA291B48F8007E5C53 /* AppSettings.swift in Sources */,
				09DEC0EC27CF404600779A21 /* ContentView.swift in Sources */,
				095F19B727CF5B5C00A597BB /* AssistWebViewResprestable.swift in Sources */,
				09BDD9072901BC450024D159 /* TableViewController.swift in Sources */,
				09D04A1B27E96D200092C783 /* ConnectionView.swift in Sources */,
				097259F6291B45A3007E5C53 /* View+Extensions.swift in Sources */,
				09DEC0F827CF417A00779A21 /* AsyncView.swift in Sources */,
				09BDD9052901BB930024D159 /* ScrollViewController.swift in Sources */,
				091CF4E027E85C0000B1CAC9 /* ShortCode.swift in Sources */,
				095F19B427CF5B1600A597BB /* AssistWebView.swift in Sources */,
				09DEC0EA27CF404600779A21 /* CBAAssistApp.swift in Sources */,
				09BDD90B2901C0410024D159 /* ControlsViewController.swift in Sources */,
				095F19BB27CF65D700A597BB /* SupportSessionManager.swift in Sources */,
				097259F8291B463C007E5C53 /* AppSettingsView.swift in Sources */,
				091CF4E227E85F1E00B1CAC9 /* OurErrors.swift in Sources */,
				095F19B927CF60C200A597BB /* NativeView.swift in Sources */,
				091CF4DE27E85BA700B1CAC9 /* Constants.swift in Sources */,
			);
			runOnlyForDeploymentPostprocessing = 0;
		};
/* End PBXSourcesBuildPhase section */

/* Begin XCBuildConfiguration section */
		09DEC0F227CF404600779A21 /* Debug */ = {
			isa = XCBuildConfiguration;
			buildSettings = {
				ALWAYS_SEARCH_USER_PATHS = NO;
				CLANG_ANALYZER_NONNULL = YES;
				CLANG_ANALYZER_NUMBER_OBJECT_CONVERSION = YES_AGGRESSIVE;
				CLANG_CXX_LANGUAGE_STANDARD = "gnu++17";
				CLANG_CXX_LIBRARY = "libc++";
				CLANG_ENABLE_MODULES = YES;
				CLANG_ENABLE_OBJC_ARC = YES;
				CLANG_ENABLE_OBJC_WEAK = YES;
				CLANG_WARN_BLOCK_CAPTURE_AUTORELEASING = YES;
				CLANG_WARN_BOOL_CONVERSION = YES;
				CLANG_WARN_COMMA = YES;
				CLANG_WARN_CONSTANT_CONVERSION = YES;
				CLANG_WARN_DEPRECATED_OBJC_IMPLEMENTATIONS = YES;
				CLANG_WARN_DIRECT_OBJC_ISA_USAGE = YES_ERROR;
				CLANG_WARN_DOCUMENTATION_COMMENTS = YES;
				CLANG_WARN_EMPTY_BODY = YES;
				CLANG_WARN_ENUM_CONVERSION = YES;
				CLANG_WARN_INFINITE_RECURSION = YES;
				CLANG_WARN_INT_CONVERSION = YES;
				CLANG_WARN_NON_LITERAL_NULL_CONVERSION = YES;
				CLANG_WARN_OBJC_IMPLICIT_RETAIN_SELF = YES;
				CLANG_WARN_OBJC_LITERAL_CONVERSION = YES;
				CLANG_WARN_OBJC_ROOT_CLASS = YES_ERROR;
				CLANG_WARN_QUOTED_INCLUDE_IN_FRAMEWORK_HEADER = YES;
				CLANG_WARN_RANGE_LOOP_ANALYSIS = YES;
				CLANG_WARN_STRICT_PROTOTYPES = YES;
				CLANG_WARN_SUSPICIOUS_MOVE = YES;
				CLANG_WARN_UNGUARDED_AVAILABILITY = YES_AGGRESSIVE;
				CLANG_WARN_UNREACHABLE_CODE = YES;
				CLANG_WARN__DUPLICATE_METHOD_MATCH = YES;
				CODE_SIGN_IDENTITY = "Apple Distribution";
				CODE_SIGN_STYLE = Manual;
				COPY_PHASE_STRIP = NO;
				DEBUG_INFORMATION_FORMAT = dwarf;
				DEVELOPMENT_TEAM = 6SMQB2LH3S;
				ENABLE_BITCODE = NO;
				ENABLE_STRICT_OBJC_MSGSEND = YES;
				ENABLE_TESTABILITY = YES;
				GCC_C_LANGUAGE_STANDARD = gnu11;
				GCC_DYNAMIC_NO_PIC = NO;
				GCC_NO_COMMON_BLOCKS = YES;
				GCC_OPTIMIZATION_LEVEL = 0;
				GCC_PREPROCESSOR_DEFINITIONS = (
					"DEBUG=1",
					"$(inherited)",
				);
				GCC_WARN_64_TO_32_BIT_CONVERSION = YES;
				GCC_WARN_ABOUT_RETURN_TYPE = YES_ERROR;
				GCC_WARN_UNDECLARED_SELECTOR = YES;
				GCC_WARN_UNINITIALIZED_AUTOS = YES_AGGRESSIVE;
				GCC_WARN_UNUSED_FUNCTION = YES;
				GCC_WARN_UNUSED_VARIABLE = YES;
				IPHONEOS_DEPLOYMENT_TARGET = 14.0;
				MTL_ENABLE_DEBUG_INFO = INCLUDE_SOURCE;
				MTL_FAST_MATH = YES;
				ONLY_ACTIVE_ARCH = YES;
				PROVISIONING_PROFILE_SPECIFIER = $APP_PROFILE;
				SDKROOT = iphoneos;
				SWIFT_ACTIVE_COMPILATION_CONDITIONS = DEBUG;
				SWIFT_OPTIMIZATION_LEVEL = "-Onone";
				SWIFT_STRICT_CONCURRENCY = minimal;
			};
			name = Debug;
		};
		09DEC0F327CF404600779A21 /* Release */ = {
			isa = XCBuildConfiguration;
			buildSettings = {
				ALWAYS_SEARCH_USER_PATHS = NO;
				CLANG_ANALYZER_NONNULL = YES;
				CLANG_ANALYZER_NUMBER_OBJECT_CONVERSION = YES_AGGRESSIVE;
				CLANG_CXX_LANGUAGE_STANDARD = "gnu++17";
				CLANG_CXX_LIBRARY = "libc++";
				CLANG_ENABLE_MODULES = YES;
				CLANG_ENABLE_OBJC_ARC = YES;
				CLANG_ENABLE_OBJC_WEAK = YES;
				CLANG_WARN_BLOCK_CAPTURE_AUTORELEASING = YES;
				CLANG_WARN_BOOL_CONVERSION = YES;
				CLANG_WARN_COMMA = YES;
				CLANG_WARN_CONSTANT_CONVERSION = YES;
				CLANG_WARN_DEPRECATED_OBJC_IMPLEMENTATIONS = YES;
				CLANG_WARN_DIRECT_OBJC_ISA_USAGE = YES_ERROR;
				CLANG_WARN_DOCUMENTATION_COMMENTS = YES;
				CLANG_WARN_EMPTY_BODY = YES;
				CLANG_WARN_ENUM_CONVERSION = YES;
				CLANG_WARN_INFINITE_RECURSION = YES;
				CLANG_WARN_INT_CONVERSION = YES;
				CLANG_WARN_NON_LITERAL_NULL_CONVERSION = YES;
				CLANG_WARN_OBJC_IMPLICIT_RETAIN_SELF = YES;
				CLANG_WARN_OBJC_LITERAL_CONVERSION = YES;
				CLANG_WARN_OBJC_ROOT_CLASS = YES_ERROR;
				CLANG_WARN_QUOTED_INCLUDE_IN_FRAMEWORK_HEADER = YES;
				CLANG_WARN_RANGE_LOOP_ANALYSIS = YES;
				CLANG_WARN_STRICT_PROTOTYPES = YES;
				CLANG_WARN_SUSPICIOUS_MOVE = YES;
				CLANG_WARN_UNGUARDED_AVAILABILITY = YES_AGGRESSIVE;
				CLANG_WARN_UNREACHABLE_CODE = YES;
				CLANG_WARN__DUPLICATE_METHOD_MATCH = YES;
				CODE_SIGN_IDENTITY = "Apple Distribution";
				CODE_SIGN_STYLE = Manual;
				COPY_PHASE_STRIP = NO;
				DEBUG_INFORMATION_FORMAT = "dwarf-with-dsym";
				DEVELOPMENT_TEAM = 6SMQB2LH3S;
				ENABLE_BITCODE = NO;
				ENABLE_NS_ASSERTIONS = NO;
				ENABLE_STRICT_OBJC_MSGSEND = YES;
				GCC_C_LANGUAGE_STANDARD = gnu11;
				GCC_NO_COMMON_BLOCKS = YES;
				GCC_WARN_64_TO_32_BIT_CONVERSION = YES;
				GCC_WARN_ABOUT_RETURN_TYPE = YES_ERROR;
				GCC_WARN_UNDECLARED_SELECTOR = YES;
				GCC_WARN_UNINITIALIZED_AUTOS = YES_AGGRESSIVE;
				GCC_WARN_UNUSED_FUNCTION = YES;
				GCC_WARN_UNUSED_VARIABLE = YES;
				IPHONEOS_DEPLOYMENT_TARGET = 14.0;
				MTL_ENABLE_DEBUG_INFO = NO;
				MTL_FAST_MATH = YES;
				PROVISIONING_PROFILE_SPECIFIER = $APP_PROFILE;
				SDKROOT = iphoneos;
				SWIFT_COMPILATION_MODE = wholemodule;
				SWIFT_OPTIMIZATION_LEVEL = "-O";
				SWIFT_STRICT_CONCURRENCY = minimal;
				VALIDATE_PRODUCT = YES;
			};
			name = Release;
		};
		09DEC0F527CF404600779A21 /* Debug */ = {
			isa = XCBuildConfiguration;
			buildSettings = {
				ASSETCATALOG_COMPILER_APPICON_NAME = AppIcon;
				ASSETCATALOG_COMPILER_GLOBAL_ACCENT_COLOR_NAME = AccentColor;
				CODE_SIGN_ENTITLEMENTS = CBAAssist/CBAAssist.entitlements;
				CODE_SIGN_IDENTITY = "Apple Development";
				CODE_SIGN_STYLE = Automatic;
				CURRENT_PROJECT_VERSION = 4;
				DEVELOPMENT_ASSET_PATHS = "\"CBAAssist/Preview Content\"";
				DEVELOPMENT_TEAM = "";
				ENABLE_PREVIEWS = YES;
				GENERATE_INFOPLIST_FILE = YES;
				INFOPLIST_FILE = CBAAssist/Info.plist;
				INFOPLIST_KEY_LSSupportsOpeningDocumentsInPlace = YES;
				INFOPLIST_KEY_NSCameraUsageDescription = "Please allow Camera usage for Video Support";
				INFOPLIST_KEY_NSDocumentsFolderUsageDescription = "\"Sharing Files\"";
				INFOPLIST_KEY_NSMicrophoneUsageDescription = "Please allow Microphone usage for Audio Support";
				INFOPLIST_KEY_UIApplicationSceneManifest_Generation = YES;
				INFOPLIST_KEY_UIApplicationSupportsIndirectInputEvents = YES;
				INFOPLIST_KEY_UILaunchScreen_Generation = YES;
				INFOPLIST_KEY_UISupportedInterfaceOrientations = "UIInterfaceOrientationLandscapeLeft UIInterfaceOrientationLandscapeRight UIInterfaceOrientationPortrait UIInterfaceOrientationPortraitUpsideDown";
				IPHONEOS_DEPLOYMENT_TARGET = 14.0;
				LD_RUNPATH_SEARCH_PATHS = (
					"$(inherited)",
					"@executable_path/Frameworks",
				);
				MARKETING_VERSION = 1.0;
				PRODUCT_BUNDLE_IDENTIFIER = CBAAssist;
				PRODUCT_NAME = "$(TARGET_NAME)";
				PROVISIONING_PROFILE_SPECIFIER = "";
				SWIFT_EMIT_LOC_STRINGS = YES;
				SWIFT_STRICT_CONCURRENCY = complete;
				SWIFT_VERSION = 5.0;
				TARGETED_DEVICE_FAMILY = "1,2";
			};
			name = Debug;
		};
		09DEC0F627CF404600779A21 /* Release */ = {
			isa = XCBuildConfiguration;
			buildSettings = {
				ASSETCATALOG_COMPILER_APPICON_NAME = AppIcon;
				ASSETCATALOG_COMPILER_GLOBAL_ACCENT_COLOR_NAME = AccentColor;
				CODE_SIGN_ENTITLEMENTS = CBAAssist/CBAAssist.entitlements;
				CODE_SIGN_IDENTITY = "Apple Development";
				CODE_SIGN_STYLE = Automatic;
				CURRENT_PROJECT_VERSION = 4;
				DEVELOPMENT_ASSET_PATHS = "\"CBAAssist/Preview Content\"";
				DEVELOPMENT_TEAM = "";
				ENABLE_PREVIEWS = YES;
				GENERATE_INFOPLIST_FILE = YES;
				INFOPLIST_FILE = CBAAssist/Info.plist;
				INFOPLIST_KEY_LSSupportsOpeningDocumentsInPlace = YES;
				INFOPLIST_KEY_NSCameraUsageDescription = "Please allow Camera usage for Video Support";
				INFOPLIST_KEY_NSDocumentsFolderUsageDescription = "\"Sharing Files\"";
				INFOPLIST_KEY_NSMicrophoneUsageDescription = "Please allow Microphone usage for Audio Support";
				INFOPLIST_KEY_UIApplicationSceneManifest_Generation = YES;
				INFOPLIST_KEY_UIApplicationSupportsIndirectInputEvents = YES;
				INFOPLIST_KEY_UILaunchScreen_Generation = YES;
				INFOPLIST_KEY_UISupportedInterfaceOrientations = "UIInterfaceOrientationLandscapeLeft UIInterfaceOrientationLandscapeRight UIInterfaceOrientationPortrait UIInterfaceOrientationPortraitUpsideDown";
				IPHONEOS_DEPLOYMENT_TARGET = 14.0;
				LD_RUNPATH_SEARCH_PATHS = (
					"$(inherited)",
					"@executable_path/Frameworks",
				);
				MARKETING_VERSION = 1.0;
				PRODUCT_BUNDLE_IDENTIFIER = CBAAssist;
				PRODUCT_NAME = "$(TARGET_NAME)";
				PROVISIONING_PROFILE_SPECIFIER = "";
				SWIFT_EMIT_LOC_STRINGS = YES;
				SWIFT_STRICT_CONCURRENCY = complete;
				SWIFT_VERSION = 5.0;
				TARGETED_DEVICE_FAMILY = "1,2";
			};
			name = Release;
		};
/* End XCBuildConfiguration section */

/* Begin XCConfigurationList section */
		09DEC0E127CF404600779A21 /* Build configuration list for PBXProject "CBAAssist" */ = {
			isa = XCConfigurationList;
			buildConfigurations = (
				09DEC0F227CF404600779A21 /* Debug */,
				09DEC0F327CF404600779A21 /* Release */,
			);
			defaultConfigurationIsVisible = 0;
			defaultConfigurationName = Release;
		};
		09DEC0F427CF404600779A21 /* Build configuration list for PBXNativeTarget "CBAAssist" */ = {
			isa = XCConfigurationList;
			buildConfigurations = (
				09DEC0F527CF404600779A21 /* Debug */,
				09DEC0F627CF404600779A21 /* Release */,
			);
			defaultConfigurationIsVisible = 0;
			defaultConfigurationName = Release;
		};
/* End XCConfigurationList section */

/* Begin XCRemoteSwiftPackageReference section */
		09BCFFC22A96207C004E028B /* XCRemoteSwiftPackageReference "swift-lasdk-ios" */ = {
			isa = XCRemoteSwiftPackageReference;
			repositoryURL = "git@github.com:cbajapan/swift-lasdk-ios.git";
			requirement = {
				branch = main;
				kind = branch;
			};
		};
/* End XCRemoteSwiftPackageReference section */

/* Begin XCSwiftPackageProductDependency section */
		09BCFFC32A96207C004E028B /* LASDKiOS */ = {
			isa = XCSwiftPackageProductDependency;
			package = 09BCFFC22A96207C004E028B /* XCRemoteSwiftPackageReference "swift-lasdk-ios" */;
			productName = LASDKiOS;
		};
/* End XCSwiftPackageProductDependency section */
	};
	rootObject = 09DEC0DE27CF404600779A21 /* Project object */;
}
